// !$*UTF8*$!
{
	archiveVersion = 1;
	classes = {
	};
	objectVersion = 51;
	objects = {

/* Begin PBXAggregateTarget section */
		"Skribent::SkribentPackageTests::ProductTarget" /* SkribentPackageTests */ = {
			isa = PBXAggregateTarget;
			buildConfigurationList = OBJ_55 /* Build configuration list for PBXAggregateTarget "SkribentPackageTests" */;
			buildPhases = (
			);
			dependencies = (
				OBJ_58 /* PBXTargetDependency */,
			);
			name = SkribentPackageTests;
			productName = SkribentPackageTests;
		};
/* End PBXAggregateTarget section */

/* Begin PBXBuildFile section */
		OBJ_31 /* main.swift in Sources */ = {isa = PBXBuildFile; fileRef = OBJ_9 /* main.swift */; };
		OBJ_33 /* Skribent.framework in Frameworks */ = {isa = PBXBuildFile; fileRef = "Skribent::Skribent::Product" /* Skribent.framework */; };
		OBJ_40 /* Skribent+StaticProxy.swift in Sources */ = {isa = PBXBuildFile; fileRef = OBJ_12 /* Skribent+StaticProxy.swift */; };
		OBJ_41 /* String+lastPathComponent.swift in Sources */ = {isa = PBXBuildFile; fileRef = OBJ_13 /* String+lastPathComponent.swift */; };
		OBJ_42 /* LogLevel.swift in Sources */ = {isa = PBXBuildFile; fileRef = OBJ_14 /* LogLevel.swift */; };
		OBJ_43 /* Loggable.swift in Sources */ = {isa = PBXBuildFile; fileRef = OBJ_15 /* Loggable.swift */; };
		OBJ_44 /* Plugin.swift in Sources */ = {isa = PBXBuildFile; fileRef = OBJ_16 /* Plugin.swift */; };
		OBJ_45 /* Skribent.swift in Sources */ = {isa = PBXBuildFile; fileRef = OBJ_17 /* Skribent.swift */; };
		OBJ_46 /* Tag.swift in Sources */ = {isa = PBXBuildFile; fileRef = OBJ_18 /* Tag.swift */; };
		OBJ_53 /* Package.swift in Sources */ = {isa = PBXBuildFile; fileRef = OBJ_6 /* Package.swift */; };
		OBJ_64 /* SkribentTests.swift in Sources */ = {isa = PBXBuildFile; fileRef = OBJ_21 /* SkribentTests.swift */; };
		OBJ_66 /* Skribent.framework in Frameworks */ = {isa = PBXBuildFile; fileRef = "Skribent::Skribent::Product" /* Skribent.framework */; };
/* End PBXBuildFile section */

/* Begin PBXContainerItemProxy section */
		8F620CD021C4088E0068490D /* PBXContainerItemProxy */ = {
			isa = PBXContainerItemProxy;
			containerPortal = OBJ_1 /* Project object */;
			proxyType = 1;
			remoteGlobalIDString = "Skribent::Skribent";
			remoteInfo = Skribent;
		};
		8F620CD121C4088F0068490D /* PBXContainerItemProxy */ = {
			isa = PBXContainerItemProxy;
			containerPortal = OBJ_1 /* Project object */;
			proxyType = 1;
			remoteGlobalIDString = "Skribent::Skribent";
			remoteInfo = Skribent;
		};
		8F620CD221C4089E0068490D /* PBXContainerItemProxy */ = {
			isa = PBXContainerItemProxy;
			containerPortal = OBJ_1 /* Project object */;
			proxyType = 1;
			remoteGlobalIDString = "Skribent::SkribentTests";
			remoteInfo = SkribentTests;
		};
/* End PBXContainerItemProxy section */

/* Begin PBXFileReference section */
		OBJ_12 /* Skribent+StaticProxy.swift */ = {isa = PBXFileReference; lastKnownFileType = sourcecode.swift; path = "Skribent+StaticProxy.swift"; sourceTree = "<group>"; };
		OBJ_13 /* String+lastPathComponent.swift */ = {isa = PBXFileReference; lastKnownFileType = sourcecode.swift; path = "String+lastPathComponent.swift"; sourceTree = "<group>"; };
		OBJ_14 /* LogLevel.swift */ = {isa = PBXFileReference; lastKnownFileType = sourcecode.swift; path = LogLevel.swift; sourceTree = "<group>"; };
		OBJ_15 /* Loggable.swift */ = {isa = PBXFileReference; lastKnownFileType = sourcecode.swift; path = Loggable.swift; sourceTree = "<group>"; };
		OBJ_16 /* Plugin.swift */ = {isa = PBXFileReference; lastKnownFileType = sourcecode.swift; path = Plugin.swift; sourceTree = "<group>"; };
		OBJ_17 /* Skribent.swift */ = {isa = PBXFileReference; lastKnownFileType = sourcecode.swift; path = Skribent.swift; sourceTree = "<group>"; };
		OBJ_18 /* Tag.swift */ = {isa = PBXFileReference; lastKnownFileType = sourcecode.swift; path = Tag.swift; sourceTree = "<group>"; };
		OBJ_21 /* SkribentTests.swift */ = {isa = PBXFileReference; lastKnownFileType = sourcecode.swift; path = SkribentTests.swift; sourceTree = "<group>"; };
		OBJ_6 /* Package.swift */ = {isa = PBXFileReference; explicitFileType = sourcecode.swift; path = Package.swift; sourceTree = "<group>"; };
		OBJ_9 /* main.swift */ = {isa = PBXFileReference; lastKnownFileType = sourcecode.swift; path = main.swift; sourceTree = "<group>"; };
		"Skribent::Example::Product" /* Example */ = {isa = PBXFileReference; lastKnownFileType = text; path = Example; sourceTree = BUILT_PRODUCTS_DIR; };
		"Skribent::Skribent::Product" /* Skribent.framework */ = {isa = PBXFileReference; lastKnownFileType = wrapper.framework; path = Skribent.framework; sourceTree = BUILT_PRODUCTS_DIR; };
		"Skribent::SkribentTests::Product" /* SkribentTests.xctest */ = {isa = PBXFileReference; lastKnownFileType = file; path = SkribentTests.xctest; sourceTree = BUILT_PRODUCTS_DIR; };
/* End PBXFileReference section */

/* Begin PBXFrameworksBuildPhase section */
		OBJ_32 /* Frameworks */ = {
			isa = PBXFrameworksBuildPhase;
			buildActionMask = 0;
			files = (
				OBJ_33 /* Skribent.framework in Frameworks */,
			);
			runOnlyForDeploymentPostprocessing = 0;
		};
		OBJ_47 /* Frameworks */ = {
			isa = PBXFrameworksBuildPhase;
			buildActionMask = 0;
			files = (
			);
			runOnlyForDeploymentPostprocessing = 0;
		};
		OBJ_65 /* Frameworks */ = {
			isa = PBXFrameworksBuildPhase;
			buildActionMask = 0;
			files = (
				OBJ_66 /* Skribent.framework in Frameworks */,
			);
			runOnlyForDeploymentPostprocessing = 0;
		};
/* End PBXFrameworksBuildPhase section */

/* Begin PBXGroup section */
		OBJ_10 /* Skribent */ = {
			isa = PBXGroup;
			children = (
				OBJ_11 /* Extensions */,
				OBJ_14 /* LogLevel.swift */,
				OBJ_15 /* Loggable.swift */,
				OBJ_16 /* Plugin.swift */,
				OBJ_17 /* Skribent.swift */,
				OBJ_18 /* Tag.swift */,
			);
			name = Skribent;
			path = Sources/Skribent;
			sourceTree = SOURCE_ROOT;
		};
		OBJ_11 /* Extensions */ = {
			isa = PBXGroup;
			children = (
				OBJ_12 /* Skribent+StaticProxy.swift */,
				OBJ_13 /* String+lastPathComponent.swift */,
			);
			path = Extensions;
			sourceTree = "<group>";
		};
		OBJ_19 /* Tests */ = {
			isa = PBXGroup;
			children = (
				OBJ_20 /* SkribentTests */,
			);
			name = Tests;
			sourceTree = SOURCE_ROOT;
		};
		OBJ_20 /* SkribentTests */ = {
			isa = PBXGroup;
			children = (
				OBJ_21 /* SkribentTests.swift */,
			);
			name = SkribentTests;
			path = Tests/SkribentTests;
			sourceTree = SOURCE_ROOT;
		};
		OBJ_22 /* Products */ = {
			isa = PBXGroup;
			children = (
				"Skribent::Skribent::Product" /* Skribent.framework */,
				"Skribent::SkribentTests::Product" /* SkribentTests.xctest */,
				"Skribent::Example::Product" /* Example */,
			);
			name = Products;
			sourceTree = BUILT_PRODUCTS_DIR;
		};
		OBJ_5 /*  */ = {
			isa = PBXGroup;
			children = (
				OBJ_6 /* Package.swift */,
				OBJ_7 /* Sources */,
				OBJ_19 /* Tests */,
				OBJ_22 /* Products */,
			);
			name = "";
			sourceTree = "<group>";
		};
		OBJ_7 /* Sources */ = {
			isa = PBXGroup;
			children = (
				OBJ_8 /* Example */,
				OBJ_10 /* Skribent */,
			);
			name = Sources;
			sourceTree = SOURCE_ROOT;
		};
		OBJ_8 /* Example */ = {
			isa = PBXGroup;
			children = (
				OBJ_9 /* main.swift */,
			);
			name = Example;
			path = Sources/Example;
			sourceTree = SOURCE_ROOT;
		};
/* End PBXGroup section */

/* Begin PBXNativeTarget section */
		"Skribent::Example" /* Example */ = {
			isa = PBXNativeTarget;
			buildConfigurationList = OBJ_27 /* Build configuration list for PBXNativeTarget "Example" */;
			buildPhases = (
				OBJ_30 /* Sources */,
				OBJ_32 /* Frameworks */,
			);
			buildRules = (
			);
			dependencies = (
				OBJ_34 /* PBXTargetDependency */,
			);
			name = Example;
			productName = Example;
			productReference = "Skribent::Example::Product" /* Example */;
			productType = "com.apple.product-type.tool";
		};
		"Skribent::Skribent" /* Skribent */ = {
			isa = PBXNativeTarget;
			buildConfigurationList = OBJ_36 /* Build configuration list for PBXNativeTarget "Skribent" */;
			buildPhases = (
				OBJ_39 /* Sources */,
				OBJ_47 /* Frameworks */,
			);
			buildRules = (
			);
			dependencies = (
			);
			name = Skribent;
			productName = Skribent;
			productReference = "Skribent::Skribent::Product" /* Skribent.framework */;
			productType = "com.apple.product-type.framework";
		};
		"Skribent::SkribentTests" /* SkribentTests */ = {
			isa = PBXNativeTarget;
			buildConfigurationList = OBJ_60 /* Build configuration list for PBXNativeTarget "SkribentTests" */;
			buildPhases = (
				OBJ_63 /* Sources */,
				OBJ_65 /* Frameworks */,
			);
			buildRules = (
			);
			dependencies = (
				OBJ_67 /* PBXTargetDependency */,
			);
			name = SkribentTests;
			productName = SkribentTests;
			productReference = "Skribent::SkribentTests::Product" /* SkribentTests.xctest */;
			productType = "com.apple.product-type.bundle.unit-test";
		};
		"Skribent::SwiftPMPackageDescription" /* SkribentPackageDescription */ = {
			isa = PBXNativeTarget;
			buildConfigurationList = OBJ_49 /* Build configuration list for PBXNativeTarget "SkribentPackageDescription" */;
			buildPhases = (
				OBJ_52 /* Sources */,
			);
			buildRules = (
			);
			dependencies = (
			);
			name = SkribentPackageDescription;
			productName = SkribentPackageDescription;
			productType = "com.apple.product-type.framework";
		};
/* End PBXNativeTarget section */

/* Begin PBXProject section */
		OBJ_1 /* Project object */ = {
			isa = PBXProject;
			attributes = {
				LastUpgradeCheck = 9999;
			};
			buildConfigurationList = OBJ_2 /* Build configuration list for PBXProject "Skribent" */;
			compatibilityVersion = "Xcode 10.0";
			developmentRegion = English;
			hasScannedForEncodings = 0;
			knownRegions = (
				en,
			);
			mainGroup = OBJ_5 /*  */;
			productRefGroup = OBJ_22 /* Products */;
			projectDirPath = "";
			projectRoot = "";
			targets = (
				"Skribent::Example" /* Example */,
				"Skribent::Skribent" /* Skribent */,
				"Skribent::SwiftPMPackageDescription" /* SkribentPackageDescription */,
				"Skribent::SkribentPackageTests::ProductTarget" /* SkribentPackageTests */,
				"Skribent::SkribentTests" /* SkribentTests */,
			);
		};
/* End PBXProject section */

/* Begin PBXSourcesBuildPhase section */
		OBJ_30 /* Sources */ = {
			isa = PBXSourcesBuildPhase;
			buildActionMask = 0;
			files = (
				OBJ_31 /* main.swift in Sources */,
			);
			runOnlyForDeploymentPostprocessing = 0;
		};
		OBJ_39 /* Sources */ = {
			isa = PBXSourcesBuildPhase;
			buildActionMask = 0;
			files = (
				OBJ_40 /* Skribent+StaticProxy.swift in Sources */,
				OBJ_41 /* String+lastPathComponent.swift in Sources */,
				OBJ_42 /* LogLevel.swift in Sources */,
				OBJ_43 /* Loggable.swift in Sources */,
				OBJ_44 /* Plugin.swift in Sources */,
				OBJ_45 /* Skribent.swift in Sources */,
				OBJ_46 /* Tag.swift in Sources */,
			);
			runOnlyForDeploymentPostprocessing = 0;
		};
		OBJ_52 /* Sources */ = {
			isa = PBXSourcesBuildPhase;
			buildActionMask = 0;
			files = (
				OBJ_53 /* Package.swift in Sources */,
			);
			runOnlyForDeploymentPostprocessing = 0;
		};
		OBJ_63 /* Sources */ = {
			isa = PBXSourcesBuildPhase;
			buildActionMask = 0;
			files = (
				OBJ_64 /* SkribentTests.swift in Sources */,
			);
			runOnlyForDeploymentPostprocessing = 0;
		};
/* End PBXSourcesBuildPhase section */

/* Begin PBXTargetDependency section */
		OBJ_34 /* PBXTargetDependency */ = {
			isa = PBXTargetDependency;
			target = "Skribent::Skribent" /* Skribent */;
			targetProxy = 8F620CD021C4088E0068490D /* PBXContainerItemProxy */;
		};
		OBJ_58 /* PBXTargetDependency */ = {
			isa = PBXTargetDependency;
			target = "Skribent::SkribentTests" /* SkribentTests */;
			targetProxy = 8F620CD221C4089E0068490D /* PBXContainerItemProxy */;
		};
		OBJ_67 /* PBXTargetDependency */ = {
			isa = PBXTargetDependency;
			target = "Skribent::Skribent" /* Skribent */;
			targetProxy = 8F620CD121C4088F0068490D /* PBXContainerItemProxy */;
		};
/* End PBXTargetDependency section */

/* Begin XCBuildConfiguration section */
		OBJ_28 /* Debug */ = {
			isa = XCBuildConfiguration;
			buildSettings = {
				FRAMEWORK_SEARCH_PATHS = (
					"$(inherited)",
					"$(PLATFORM_DIR)/Developer/Library/Frameworks",
				);
				HEADER_SEARCH_PATHS = "$(inherited)";
				INFOPLIST_FILE = Skribent.xcodeproj/Example_Info.plist;
				LD_RUNPATH_SEARCH_PATHS = (
					"$(inherited)",
					"$(TOOLCHAIN_DIR)/usr/lib/swift/macosx",
					"@executable_path",
				);
				OTHER_CFLAGS = "$(inherited)";
				OTHER_LDFLAGS = "$(inherited)";
				OTHER_SWIFT_FLAGS = "$(inherited)";
				SWIFT_ACTIVE_COMPILATION_CONDITIONS = "$(inherited)";
				SWIFT_FORCE_DYNAMIC_LINK_STDLIB = YES;
				SWIFT_FORCE_STATIC_LINK_STDLIB = NO;
				SWIFT_VERSION = 4.2;
				TARGET_NAME = Example;
			};
			name = Debug;
		};
		OBJ_29 /* Release */ = {
			isa = XCBuildConfiguration;
			buildSettings = {
				FRAMEWORK_SEARCH_PATHS = (
					"$(inherited)",
					"$(PLATFORM_DIR)/Developer/Library/Frameworks",
				);
				HEADER_SEARCH_PATHS = "$(inherited)";
				INFOPLIST_FILE = Skribent.xcodeproj/Example_Info.plist;
				LD_RUNPATH_SEARCH_PATHS = (
					"$(inherited)",
					"$(TOOLCHAIN_DIR)/usr/lib/swift/macosx",
					"@executable_path",
				);
				OTHER_CFLAGS = "$(inherited)";
				OTHER_LDFLAGS = "$(inherited)";
				OTHER_SWIFT_FLAGS = "$(inherited)";
				SWIFT_ACTIVE_COMPILATION_CONDITIONS = "$(inherited)";
				SWIFT_FORCE_DYNAMIC_LINK_STDLIB = YES;
				SWIFT_FORCE_STATIC_LINK_STDLIB = NO;
				SWIFT_VERSION = 4.2;
				TARGET_NAME = Example;
			};
			name = Release;
		};
		OBJ_3 /* Debug */ = {
			isa = XCBuildConfiguration;
			buildSettings = {
				CLANG_ENABLE_OBJC_ARC = YES;
				COMBINE_HIDPI_IMAGES = YES;
				COPY_PHASE_STRIP = NO;
				DEBUG_INFORMATION_FORMAT = dwarf;
				DYLIB_INSTALL_NAME_BASE = "@rpath";
				ENABLE_NS_ASSERTIONS = YES;
				GCC_OPTIMIZATION_LEVEL = 0;
				GCC_PREPROCESSOR_DEFINITIONS = (
					"DEBUG=1",
					"$(inherited)",
				);
				MACOSX_DEPLOYMENT_TARGET = 10.10;
				ONLY_ACTIVE_ARCH = YES;
				OTHER_SWIFT_FLAGS = "-DXcode";
				PRODUCT_NAME = "$(TARGET_NAME)";
				SDKROOT = macosx;
				SUPPORTED_PLATFORMS = "macosx iphoneos iphonesimulator appletvos appletvsimulator watchos watchsimulator";
				SWIFT_ACTIVE_COMPILATION_CONDITIONS = "SWIFT_PACKAGE DEBUG";
				SWIFT_OPTIMIZATION_LEVEL = "-Onone";
				USE_HEADERMAP = NO;
			};
			name = Debug;
		};
		OBJ_37 /* Debug */ = {
			isa = XCBuildConfiguration;
			buildSettings = {
				ENABLE_TESTABILITY = YES;
				FRAMEWORK_SEARCH_PATHS = (
					"$(inherited)",
					"$(PLATFORM_DIR)/Developer/Library/Frameworks",
				);
				HEADER_SEARCH_PATHS = "$(inherited)";
				INFOPLIST_FILE = Skribent.xcodeproj/Skribent_Info.plist;
				LD_RUNPATH_SEARCH_PATHS = (
					"$(inherited)",
					"$(TOOLCHAIN_DIR)/usr/lib/swift/macosx",
				);
				OTHER_CFLAGS = "$(inherited)";
				OTHER_LDFLAGS = "$(inherited)";
				OTHER_SWIFT_FLAGS = "$(inherited)";
				PRODUCT_BUNDLE_IDENTIFIER = Skribent;
				PRODUCT_MODULE_NAME = "$(TARGET_NAME:c99extidentifier)";
				PRODUCT_NAME = "$(TARGET_NAME:c99extidentifier)";
				SKIP_INSTALL = YES;
				SWIFT_ACTIVE_COMPILATION_CONDITIONS = "$(inherited)";
				SWIFT_VERSION = 4.2;
				TARGET_NAME = Skribent;
			};
			name = Debug;
		};
		OBJ_38 /* Release */ = {
			isa = XCBuildConfiguration;
			buildSettings = {
				ENABLE_TESTABILITY = YES;
				FRAMEWORK_SEARCH_PATHS = (
					"$(inherited)",
					"$(PLATFORM_DIR)/Developer/Library/Frameworks",
				);
				HEADER_SEARCH_PATHS = "$(inherited)";
				INFOPLIST_FILE = Skribent.xcodeproj/Skribent_Info.plist;
				LD_RUNPATH_SEARCH_PATHS = (
					"$(inherited)",
					"$(TOOLCHAIN_DIR)/usr/lib/swift/macosx",
				);
				OTHER_CFLAGS = "$(inherited)";
				OTHER_LDFLAGS = "$(inherited)";
				OTHER_SWIFT_FLAGS = "$(inherited)";
				PRODUCT_BUNDLE_IDENTIFIER = Skribent;
				PRODUCT_MODULE_NAME = "$(TARGET_NAME:c99extidentifier)";
				PRODUCT_NAME = "$(TARGET_NAME:c99extidentifier)";
				SKIP_INSTALL = YES;
				SWIFT_ACTIVE_COMPILATION_CONDITIONS = "$(inherited)";
				SWIFT_VERSION = 4.2;
				TARGET_NAME = Skribent;
			};
			name = Release;
		};
		OBJ_4 /* Release */ = {
			isa = XCBuildConfiguration;
			buildSettings = {
				CLANG_ENABLE_OBJC_ARC = YES;
				COMBINE_HIDPI_IMAGES = YES;
				COPY_PHASE_STRIP = YES;
				DEBUG_INFORMATION_FORMAT = "dwarf-with-dsym";
				DYLIB_INSTALL_NAME_BASE = "@rpath";
				GCC_OPTIMIZATION_LEVEL = s;
				MACOSX_DEPLOYMENT_TARGET = 10.10;
				OTHER_SWIFT_FLAGS = "-DXcode";
				PRODUCT_NAME = "$(TARGET_NAME)";
				SDKROOT = macosx;
				SUPPORTED_PLATFORMS = "macosx iphoneos iphonesimulator appletvos appletvsimulator watchos watchsimulator";
				SWIFT_ACTIVE_COMPILATION_CONDITIONS = SWIFT_PACKAGE;
				SWIFT_COMPILATION_MODE = wholemodule;
				SWIFT_OPTIMIZATION_LEVEL = "-O";
				USE_HEADERMAP = NO;
			};
			name = Release;
		};
		OBJ_50 /* Debug */ = {
			isa = XCBuildConfiguration;
			buildSettings = {
				LD = /usr/bin/true;
				OTHER_SWIFT_FLAGS = "-swift-version 4.2 -I $(TOOLCHAIN_DIR)/usr/lib/swift/pm/4_2 -target x86_64-apple-macosx10.10 -sdk /Applications/Xcode.app/Contents/Developer/Platforms/MacOSX.platform/Developer/SDKs/MacOSX10.14.sdk";
				SWIFT_VERSION = 4.2;
			};
			name = Debug;
		};
		OBJ_51 /* Release */ = {
			isa = XCBuildConfiguration;
			buildSettings = {
				LD = /usr/bin/true;
				OTHER_SWIFT_FLAGS = "-swift-version 4.2 -I $(TOOLCHAIN_DIR)/usr/lib/swift/pm/4_2 -target x86_64-apple-macosx10.10 -sdk /Applications/Xcode.app/Contents/Developer/Platforms/MacOSX.platform/Developer/SDKs/MacOSX10.14.sdk";
				SWIFT_VERSION = 4.2;
			};
			name = Release;
		};
		OBJ_56 /* Debug */ = {
			isa = XCBuildConfiguration;
			buildSettings = {
			};
			name = Debug;
		};
		OBJ_57 /* Release */ = {
			isa = XCBuildConfiguration;
			buildSettings = {
			};
			name = Release;
		};
		OBJ_61 /* Debug */ = {
			isa = XCBuildConfiguration;
			buildSettings = {
				CLANG_ENABLE_MODULES = YES;
				EMBEDDED_CONTENT_CONTAINS_SWIFT = YES;
				FRAMEWORK_SEARCH_PATHS = (
					"$(inherited)",
					"$(PLATFORM_DIR)/Developer/Library/Frameworks",
				);
				HEADER_SEARCH_PATHS = "$(inherited)";
				INFOPLIST_FILE = Skribent.xcodeproj/SkribentTests_Info.plist;
				LD_RUNPATH_SEARCH_PATHS = (
					"$(inherited)",
					"@loader_path/../Frameworks",
					"@loader_path/Frameworks",
				);
				OTHER_CFLAGS = "$(inherited)";
				OTHER_LDFLAGS = "$(inherited)";
				OTHER_SWIFT_FLAGS = "$(inherited)";
				SWIFT_ACTIVE_COMPILATION_CONDITIONS = "$(inherited)";
				SWIFT_VERSION = 4.2;
				TARGET_NAME = SkribentTests;
			};
			name = Debug;
		};
		OBJ_62 /* Release */ = {
			isa = XCBuildConfiguration;
			buildSettings = {
				CLANG_ENABLE_MODULES = YES;
				EMBEDDED_CONTENT_CONTAINS_SWIFT = YES;
				FRAMEWORK_SEARCH_PATHS = (
					"$(inherited)",
					"$(PLATFORM_DIR)/Developer/Library/Frameworks",
				);
				HEADER_SEARCH_PATHS = "$(inherited)";
				INFOPLIST_FILE = Skribent.xcodeproj/SkribentTests_Info.plist;
				LD_RUNPATH_SEARCH_PATHS = (
					"$(inherited)",
					"@loader_path/../Frameworks",
					"@loader_path/Frameworks",
				);
				OTHER_CFLAGS = "$(inherited)";
				OTHER_LDFLAGS = "$(inherited)";
				OTHER_SWIFT_FLAGS = "$(inherited)";
				SWIFT_ACTIVE_COMPILATION_CONDITIONS = "$(inherited)";
				SWIFT_VERSION = 4.2;
				TARGET_NAME = SkribentTests;
			};
			name = Release;
		};
/* End XCBuildConfiguration section */

/* Begin XCConfigurationList section */
		OBJ_2 /* Build configuration list for PBXProject "Skribent" */ = {
			isa = XCConfigurationList;
			buildConfigurations = (
				OBJ_3 /* Debug */,
				OBJ_4 /* Release */,
			);
			defaultConfigurationIsVisible = 0;
			defaultConfigurationName = Release;
		};
		OBJ_27 /* Build configuration list for PBXNativeTarget "Example" */ = {
			isa = XCConfigurationList;
			buildConfigurations = (
				OBJ_28 /* Debug */,
				OBJ_29 /* Release */,
			);
			defaultConfigurationIsVisible = 0;
			defaultConfigurationName = Release;
		};
		OBJ_36 /* Build configuration list for PBXNativeTarget "Skribent" */ = {
			isa = XCConfigurationList;
			buildConfigurations = (
				OBJ_37 /* Debug */,
				OBJ_38 /* Release */,
			);
			defaultConfigurationIsVisible = 0;
			defaultConfigurationName = Release;
		};
		OBJ_49 /* Build configuration list for PBXNativeTarget "SkribentPackageDescription" */ = {
			isa = XCConfigurationList;
			buildConfigurations = (
				OBJ_50 /* Debug */,
				OBJ_51 /* Release */,
			);
			defaultConfigurationIsVisible = 0;
			defaultConfigurationName = Release;
		};
		OBJ_55 /* Build configuration list for PBXAggregateTarget "SkribentPackageTests" */ = {
			isa = XCConfigurationList;
			buildConfigurations = (
				OBJ_56 /* Debug */,
				OBJ_57 /* Release */,
			);
			defaultConfigurationIsVisible = 0;
			defaultConfigurationName = Release;
		};
		OBJ_60 /* Build configuration list for PBXNativeTarget "SkribentTests" */ = {
			isa = XCConfigurationList;
			buildConfigurations = (
				OBJ_61 /* Debug */,
				OBJ_62 /* Release */,
			);
			defaultConfigurationIsVisible = 0;
			defaultConfigurationName = Release;
		};
/* End XCConfigurationList section */
	};
	rootObject = OBJ_1 /* Project object */;
}
